
Microsoft Visual Studio Solution File, Format Version 12.00
# Visual Studio 14
VisualStudioVersion = 14.0.25420.1
MinimumVisualStudioVersion = 10.0.40219.1
Project("{FAE04EC0-301F-11D3-BF4B-00C04F79EFBC}") = "3_Triangles", "3_Triangles\3_Triangles.csproj", "{3173AED7-EC9D-4CFB-BCD4-8CB19A08087E}"
EndProject
Project("{FAE04EC0-301F-11D3-BF4B-00C04F79EFBC}") = "UnitTests", "UnitTests\UnitTests.csproj", "{B941165F-EA19-464D-893C-04F1BC47B2EE}"
EndProject
Global
	GlobalSection(SolutionConfigurationPlatforms) = preSolution
		Debug|Any CPU = Debug|Any CPU
		Release|Any CPU = Release|Any CPU
	EndGlobalSection
	GlobalSection(ProjectConfigurationPlatforms) = postSolution
		{3173AED7-EC9D-4CFB-BCD4-8CB19A08087E}.Debug|Any CPU.ActiveCfg = Debug|Any CPU
		{3173AED7-EC9D-4CFB-BCD4-8CB19A08087E}.Debug|Any CPU.Build.0 = Debug|Any CPU
		{3173AED7-EC9D-4CFB-BCD4-8CB19A08087E}.Release|Any CPU.ActiveCfg = Release|Any CPU
		{3173AED7-EC9D-4CFB-BCD4-8CB19A08087E}.Release|Any CPU.Build.0 = Release|Any CPU
		{B941165F-EA19-464D-893C-04F1BC47B2EE}.Debug|Any CPU.ActiveCfg = Debug|Any CPU
		{B941165F-EA19-464D-893C-04F1BC47B2EE}.Debug|Any CPU.Build.0 = Debug|Any CPU
		{B941165F-EA19-464D-893C-04F1BC47B2EE}.Release|Any CPU.ActiveCfg = Release|Any CPU
		{B941165F-EA19-464D-893C-04F1BC47B2EE}.Release|Any CPU.Build.0 = Release|Any CPU
	EndGlobalSection
	GlobalSection(SolutionProperties) = preSolution
		HideSolutionNode = FALSE
	EndGlobalSection
EndGlobal
